
Microsoft Visual Studio Solution File, Format Version 12.00
# Visual Studio Version 17
VisualStudioVersion = 17.3.32901.215
MinimumVisualStudioVersion = 10.0.40219.1
Project("{FAE04EC0-301F-11D3-BF4B-00C04F79EFBC}") = "single_linked_list", "single_linked_list\single_linked_list.csproj", "{5B01A01E-0731-4C92-9B1F-328723A9DC0D}"
EndProject
Global
	GlobalSection(SolutionConfigurationPlatforms) = preSolution
		Debug|Any CPU = Debug|Any CPU
		Release|Any CPU = Release|Any CPU
	EndGlobalSection
	GlobalSection(ProjectConfigurationPlatforms) = postSolution
		{5B01A01E-0731-4C92-9B1F-328723A9DC0D}.Debug|Any CPU.ActiveCfg = Debug|Any CPU
		{5B01A01E-0731-4C92-9B1F-328723A9DC0D}.Debug|Any CPU.Build.0 = Debug|Any CPU
		{5B01A01E-0731-4C92-9B1F-328723A9DC0D}.Release|Any CPU.ActiveCfg = Release|Any CPU
		{5B01A01E-0731-4C92-9B1F-328723A9DC0D}.Release|Any CPU.Build.0 = Release|Any CPU
	EndGlobalSection
	GlobalSection(SolutionProperties) = preSolution
		HideSolutionNode = FALSE
	EndGlobalSection
	GlobalSection(ExtensibilityGlobals) = postSolution
		SolutionGuid = {6DA047B7-857B-4A1D-AC24-B854B37C1CF0}
	EndGlobalSection
EndGlobal
